
Microsoft Visual Studio Solution File, Format Version 12.00
# Visual Studio 2012
Project("{FAE04EC0-301F-11D3-BF4B-00C04F79EFBC}") = "Foody", "Foody\Foody.csproj", "{F660CD25-A797-4DD8-BA4A-5BDE8A39D590}"
EndProject
Global
	GlobalSection(SolutionConfigurationPlatforms) = preSolution
		Debug|iPhoneSimulator = Debug|iPhoneSimulator
		Release|iPhone = Release|iPhone
		Release|iPhoneSimulator = Release|iPhoneSimulator
		Debug|iPhone = Debug|iPhone
	EndGlobalSection
	GlobalSection(ProjectConfigurationPlatforms) = postSolution
		{F660CD25-A797-4DD8-BA4A-5BDE8A39D590}.Debug|iPhoneSimulator.ActiveCfg = Debug|iPhoneSimulator
		{F660CD25-A797-4DD8-BA4A-5BDE8A39D590}.Debug|iPhoneSimulator.Build.0 = Debug|iPhoneSimulator
		{F660CD25-A797-4DD8-BA4A-5BDE8A39D590}.Release|iPhone.ActiveCfg = Release|iPhone
		{F660CD25-A797-4DD8-BA4A-5BDE8A39D590}.Release|iPhone.Build.0 = Release|iPhone
		{F660CD25-A797-4DD8-BA4A-5BDE8A39D590}.Release|iPhoneSimulator.ActiveCfg = Release|iPhoneSimulator
		{F660CD25-A797-4DD8-BA4A-5BDE8A39D590}.Release|iPhoneSimulator.Build.0 = Release|iPhoneSimulator
		{F660CD25-A797-4DD8-BA4A-5BDE8A39D590}.Debug|iPhone.ActiveCfg = Debug|iPhone
		{F660CD25-A797-4DD8-BA4A-5BDE8A39D590}.Debug|iPhone.Build.0 = Debug|iPhone
	EndGlobalSection
EndGlobal
